version = 1
revision = 3
requires-python = ">=3.13"

[[package]]
name = "annotated-doc"
version = "0.0.5"
source = { registry = "https://pypi.org/simple" }
sdist = { url = "https://files.pythonhosted.org/packages/5a/8e/38aa427ed5402449e226975b649c5dc73ccadfefeb95e6aecb8f8ea4b6b6/annotated_doc-0.0.5.tar.gz", hash = "sha256:c7e58ce09192557605d8bbd92836d7e1d520ac9580096042c0bfd197efacf1bb", size = 10758, upload-time = "2026-07-28T13:50:58.129Z" }
wheels = [
    { url = "https://files.pythonhosted.org/packages/3e/30/e900b21425a860e195f32e37657aa1f7c7f2b1bfb26f03ca209b90933c06/annotated_doc-0.0.5-py3-none-any.whl", hash = "sha256:117bac03a25ede5df5440e855b32d556049ca169ead221505badf432fed4b101", size = 5302, upload-time = "2026-07-28T13:50:57.239Z" },
]

[[package]]
name = "annotated-types"
version = "0.8.0"
source = { registry = "https://pypi.org/simple" }
sdist = { url = "https://files.pythonhosted.org/packages/5f/56/a8120250d128bed162cd73c76d45f6ef9991f3e068f62a8ee060afa3104a/annotated_types-0.8.0.tar.gz", hash = "sha256:13b2beaad985e05e2d6407ee4c4f35590b11f8d693a258a561055cac8f64cab7", size = 15893, upload-time = "2026-07-23T20:16:13.995Z" }
wheels = [
    { url = "https://files.pythonhosted.org/packages/99/91/8acff4f5e50511b911bbccb72b8628a49c68ce14148cd9f6431094859a90/annotated_types-0.8.0-py3-none-any.whl", hash = "sha256:f072f4d804ea359e4eaf198b1af7a8b0943881a87f31bb764f8bf219bb9419e0", size = 13427, upload-time = "2026-07-23T20:16:12.938Z" },
]

[[package]]
name = "anyio"
version = "4.14.2"
source = { registry = "https://pypi.org/simple" }
dependencies = [
    { name = "idna" },
]
sdist = { url = "https://files.pythonhosted.org/packages/61/cc/a381afa6efea9f496eff839d4a6a1aed3bfafc7b3ab4b0d1b243a12573dd/anyio-4.14.2.tar.gz", hash = "sha256:cfa139f3ed1a23ee8f88a145ddb5ac7605b8bbfd8592baacd7ce3d8bb4313c7f", size = 260176, upload-time = "2026-07-12T20:29:07.082Z" }
wheels = [
    { url = "https://files.pythonhosted.org/packages/da/35/f2287558c17e29fafc8ef3daf819bb9834061cfa43bff8014f7df7f63bdc/anyio-4.14.2-py3-none-any.whl", hash = "sha256:9f505dda5ac9f0c8309b5e8bd445a8c2bf7246f3ce950121e45ea15bc41d1494", size = 125813, upload-time = "2026-07-12T20:29:05.763Z" },
]

[[package]]
name = "api-protection"
version = "0.1.0"
source = { virtual = "." }
dependencies = [
    { name = "fastapi" },
    { name = "granian", extra = ["uvloop"] },
]

[package.metadata]
requires-dist = [
    { name = "fastapi", specifier = "==0.141.1" },
    { name = "granian", extras = ["uvloop"], specifier = ">=2.8.1" },
]

[[package]]
name = "click"
version = "8.4.2"
source = { registry = "https://pypi.org/simple" }
dependencies = [
    { name = "colorama", marker = "sys_platform == 'win32'" },
]
sdist = { url = "https://files.pythonhosted.org/packages/76/d4/81420972a676e8ffea40450d8c8c92943e7218a78fe9b64359836cc9876b/click-8.4.2.tar.gz", hash = "sha256:9a6cea6e60b17ebe0a44c5cc636d94f09bd66142c1cd7d8b4cd731c4917a15f6", size = 338000, upload-time = "2026-06-24T17:45:15.148Z" }
wheels = [
    { url = "https://files.pythonhosted.org/packages/fb/e2/79c688af8b210d232694e31e59da9f6ec747bae31c3f5946e4e9b98860d5/click-8.4.2-py3-none-any.whl", hash = "sha256:e6f9f66136c816745b9d65817da91d61d957fb16e02e4dcd0552553c5a197b76", size = 119243, upload-time = "2026-06-24T17:45:13.73Z" },
]

[[package]]
name = "colorama"
version = "0.4.6"
source = { registry = "https://pypi.org/simple" }
sdist = { url = "https://files.pythonhosted.org/packages/d8/53/6f443c9a4a8358a93a6792e2acffb9d9d5cb0a5cfd8802644b7b1c9a02e4/colorama-0.4.6.tar.gz", hash = "sha256:08695f5cb7ed6e0531a20572697297273c47b8cae5a63ffc6d6ed5c201be6e44", size = 27697, upload-time = "2022-10-25T02:36:22.414Z" }
wheels = [
    { url = "https://files.pythonhosted.org/packages/d1/d6/3965ed04c63042e047cb6a3e6ed1a63a35087b6a609aa3a15ed8ac56c221/colorama-0.4.6-py2.py3-none-any.whl", hash = "sha256:4f1d9991f5acc0ca119f9d443620b77f9d6b33703e51011c16baf57afb285fc6", size = 25335, upload-time = "2022-10-25T02:36:20.889Z" },
]

[[package]]
name = "fastapi"
version = "0.141.1"
source = { registry = "https://pypi.org/simple" }
dependencies = [
    { name = "annotated-doc" },
    { name = "pydantic" },
    { name = "starlette" },
    { name = "typing-extensions" },
    { name = "typing-inspection" },
]
sdist = { url = "https://files.pythonhosted.org/packages/8a/02/91e3416a8fdd715abb903a952a6bec7cdd8d14eed55d415fc8595524c319/fastapi-0.141.1.tar.gz", hash = "sha256:e8822fc40db1e1858054d7a949a888695bc9bdce70139178e33bd2871a453ca1", size = 425799, upload-time = "2026-07-29T17:18:05.568Z" }
wheels = [
    { url = "https://files.pythonhosted.org/packages/cb/03/10388a42375ee7e4ac9b94eb2c5c569c8b5795e377e701c9ac3ad63de890/fastapi-0.141.1-py3-none-any.whl", hash = "sha256:bfb91aa2d334c61cb35ba9a116fc123b3d3df31640b801cf57a7a78ec3f603b3", size = 131954, upload-time = "2026-07-29T17:18:04.364Z" },
]

[[package]]
name = "granian"
version = "2.8.1"
source = { registry = "https://pypi.org/simple" }
dependencies = [
    { name = "click" },
]
sdist = { url = "https://files.pythonhosted.org/packages/d3/a2/8429f7cd27c99ae954be8663ca46067e0d31ee84fb887a25406a9e5bc8f8/granian-2.8.1.tar.gz", hash = "sha256:41a7954e10621ca46f9bfe829a42272e4796358cc4bf27a9253f3171f871a397", size = 129348, upload-time = "2026-08-05T19:12:17.057Z" }
wheels = [
    { url = "https://files.pythonhosted.org/packages/6b/05/a346264b0a00bc1837c995887b801a2792a852aea41cab09e5eba4809da2/granian-2.8.1-cp313-cp313-macosx_10_12_x86_64.whl", hash = "sha256:904ccbee39dcfdfd6117b868b9e689e20f89ed03952f6bc142fb0111285b9104", size = 4438925, upload-time = "2026-08-05T19:10:28.832Z" },
    { url = "https://files.pythonhosted.org/packages/0a/54/5ad6567577ee3b51266fd49f61639a6ae3e1c9cc92d517d9b6ea839be0bd/granian-2.8.1-cp313-cp313-macosx_11_0_arm64.whl", hash = "sha256:bdaf976f1d24b4553bee2ffce735b10c1e5e4b12d63da259f75b1dcdea9f2168", size = 4261864, upload-time = "2026-08-05T19:10:30.497Z" },
    { url = "https://files.pythonhosted.org/packages/57/71/d7325b977304bf2f9ca12c475c2d54caae5afe7e7ca88bf011dc8c5e9886/granian-2.8.1-cp313-cp313-manylinux_2_17_armv7l.manylinux2014_armv7l.whl", hash = "sha256:037a718b8138808e19d4827f18c3c28d3ae38f0bb070959a93bea587b4eb3dc0", size = 4807466, upload-time = "2026-08-05T19:10:32.329Z" },
    { url = "https://files.pythonhosted.org/packages/54/e5/f67d9e8983879ed9876f61c78475dcb19b77f68977000f60babb6c632125/granian-2.8.1-cp313-cp313-manylinux_2_17_i686.manylinux2014_i686.whl", hash = "sha256:5d549e719bf45cdffe5899852b0b4fc8196e4f93f88245e649d47a81dbe26f63", size = 4445007, upload-time = "2026-08-05T19:10:34.118Z" },
    { url = "https://files.pythonhosted.org/packages/c3/58/68c3a0331e017148ec4a8a84697b9db2105c4a19b838404b89c1ffd6c7e5/granian-2.8.1-cp313-cp313-manylinux_2_17_x86_64.manylinux2014_x86_64.whl", hash = "sha256:e938408f77b8218b7b9b928e347ef3dc3afaa96ea94611c087337560acae212f", size = 4981346, upload-time = "2026-08-05T19:10:35.66Z" },
    { url = "https://files.pythonhosted.org/packages/9f/15/8717de6aec2a5927c68ebdd877008264681600d6e7495511a6d18e066fdc/granian-2.8.1-cp313-cp313-manylinux_2_28_aarch64.whl", hash = "sha256:4364230f54436397bab9bc51de6b4c24680f74361b6ead26dac11eeef44c7add", size = 5169529, upload-time = "2026-08-05T19:10:37.604Z" },
    { url = "https://files.pythonhosted.org/packages/0a/15/bca25dbf574ba08a3982d84121a18d8adc95a8547ee72db5188ef93541f3/granian-2.8.1-cp313-cp313-musllinux_1_1_aarch64.whl", hash = "sha256:d9fc625ba6f9d820fd1c23deb295644272723dc452b7a249edd2c536e66b745b", size = 5130597, upload-time = "2026-08-05T19:10:39.198Z" },
    { url = "https://files.pythonhosted.org/packages/08/75/0991540f93cc844a9b2d4528f8c17d6b2013881ac69d23e28ec32e383509/granian-2.8.1-cp313-cp313-musllinux_1_1_armv7l.whl", hash = "sha256:c11f6846cdcd7fa1ac16dc4ee1b8449295d98d425275ddee8f745b9c638d0f71", size = 4920408, upload-time = "2026-08-05T19:10:41.011Z" },
    { url = "https://files.pythonhosted.org/packages/c6/14/eaf1925f9114511fcc78582f8f0bd2b1a04ba57f8004c347db7c2d84b1bd/granian-2.8.1-cp313-cp313-musllinux_1_1_x86_64.whl", hash = "sha256:f8f7f1f5a73571a38b6f028278a87d9ce8c56620b7b70bba5b768354cd9786ee", size = 5037981, upload-time = "2026-08-05T19:10:42.764Z" },
    { url = "https://files.pythonhosted.org/packages/1a/49/ea06d3143a452d4654aaf7808cfc1fe79b0c11abbac279beff5839f40a33/granian-2.8.1-cp313-cp313-win_amd64.whl", hash = "sha256:83f5ffc52d924185f271ea5e56e36b844ecc918620ba61930e89ebf1d33a650f", size = 3117032, upload-time = "2026-08-05T19:10:44.476Z" },
    { url = "https://files.pythonhosted.org/packages/01/da/6d914325db4620cf2c8ae1d088367141bc9e801aecacbf3b70db74c7ae60/granian-2.8.1-cp314-cp314-macosx_10_12_x86_64.whl", hash = "sha256:036c6cb6b2100150b58ee6d48851fad7e01852bc7c402190daeeed9163574b77", size = 4422668, upload-time = "2026-08-05T19:10:46.498Z" },
    { url = "https://files.pythonhosted.org/packages/f9/38/0978fb217e7f06131e26db5b18446e5287a53a0f505149cdafb3a425f4b3/granian-2.8.1-cp314-cp314-macosx_11_0_arm64.whl", hash = "sha256:85488be9ff2ba5adc993e00af795003cd7f0aaa57e6133d55f0c7811cf898772", size = 4253938, upload-time = "2026-08-05T19:10:48.438Z" },
    { url = "https://files.pythonhosted.org/packages/c2/93/cd330a86c3dc0aa431b0b7ac180ab1ced44747d47e70518e93515cc5380f/granian-2.8.1-cp314-cp314-manylinux_2_17_armv7l.manylinux2014_armv7l.whl", hash = "sha256:ac630d0ce94c9910f8b57ea26d2dc3aca57010e2107933dd4fc02809da6050f3", size = 4803826, upload-time = "2026-08-05T19:10:50.275Z" },
    { url = "https://files.pythonhosted.org/packages/1d/15/bee4f9d8f8643f51ddd984e1b9dfc828d8c848dceb9fff9056e4a9365869/granian-2.8.1-cp314-cp314-manylinux_2_17_i686.manylinux2014_i686.whl", hash = "sha256:979843bf10b6c15b161c2058955d3f19c3aee76878027937a67a7111842016d2", size = 4442823, upload-time = "2026-08-05T19:10:52.283Z" },
    { url = "https://files.pythonhosted.org/packages/d5/57/819b28bece903e7f44fc9905054d897efeb96c6390a0a9c0a6f5db611152/granian-2.8.1-cp314-cp314-manylinux_2_17_x86_64.manylinux2014_x86_64.whl", hash = "sha256:7ed1863fe4b596b3ad06ffb2fec008512148aa764ceee59359bda9b53f7e8c84", size = 4897688, upload-time = "2026-08-05T19:10:53.848Z" },
    { url = "https://files.pythonhosted.org/packages/f4/09/b5788fb51b4c0fc6b5a6d2a2996f5007a2f3fc14fb3379a71097bfd34920/granian-2.8.1-cp314-cp314-manylinux_2_28_aarch64.whl", hash = "sha256:88ec7b24cce99c73fc1e1b9ad53eb2c13b6ece5712f49a5ea739d883c9ce27a7", size = 5094530, upload-time = "2026-08-05T19:10:55.547Z" },
    { url = "https://files.pythonhosted.org/packages/41/c4/66bb1783d19f2cbd523795043acc4699027145061babbef78ab1e4645f01/granian-2.8.1-cp314-cp314-musllinux_1_1_aarch64.whl", hash = "sha256:872870943196e84b1c7ee80d5d857b76061091eed02fb953f9603c1fdf72426e", size = 5070438, upload-time = "2026-08-05T19:10:57.278Z" },
    { url = "https://files.pythonhosted.org/packages/67/16/0441aeee2659f5d0510f664b444785e20809f1060e4fb245c74b995782ee/granian-2.8.1-cp314-cp314-musllinux_1_1_armv7l.whl", hash = "sha256:f5940fe525bf732ea148749d1e24f39ed1edf3fae4aed0b3f698d01e04d63c12", size = 4917913, upload-time = "2026-08-05T19:10:59.025Z" },
    { url = "https://files.pythonhosted.org/packages/1d/a6/6eea0ec270c526e1ca2e25adce30c4255f3d7a7f31bee68cd18c41fe9ddc/granian-2.8.1-cp314-cp314-musllinux_1_1_x86_64.whl", hash = "sha256:8f05c79a9eb4d2263e599727f588ec286fe4a9759d5164b43eaf30f9b94c6fdd", size = 4954250, upload-time = "2026-08-05T19:11:00.709Z" },
    { url = "https://files.pythonhosted.org/packages/78/07/b6b9eb1ebec0a2d524eb3614911b276dc3236a57c2884a27409d6be68f19/granian-2.8.1-cp314-cp314-win_amd64.whl", hash = "sha256:996934329308719db41659468c48f9c0650f7cba7a63e0b4ec003b55b08be818", size = 3097083, upload-time = "2026-08-05T19:11:02.412Z" },
    { url = "https://files.pythonhosted.org/packages/01/b4/06090ece7b13712084a466688fe9b215480593e9e7c534fc4f327b813edb/granian-2.8.1-cp314-cp314t-macosx_10_12_x86_64.whl", hash = "sha256:579e79a0f045cf5372418cb8964c156961bbc31317802e93bd3656d505f634c4", size = 4386500, upload-time = "2026-08-05T19:11:04.148Z" },
    { url = "https://files.pythonhosted.org/packages/fa/b8/5ba4e30917ae247cebc05b52fd6db04bd40beea108be8524e5c168c35251/granian-2.8.1-cp314-cp314t-macosx_11_0_arm64.whl", hash = "sha256:be23e3b099ba3ab169a0de5894fe6116112067a48a79a601b824dfc0d63840fa", size = 4170540, upload-time = "2026-08-05T19:11:05.719Z" },
    { url = "https://files.pythonhosted.org/packages/9b/8e/c89b398ad5fa86aa88caa407c3793e071715c6aea5d0cabc5b2b4039aed4/granian-2.8.1-cp314-cp314t-manylinux_2_12_i686.manylinux2010_i686.whl", hash = "sha256:7be6d745e29d29a8232a29a3801382f52a4315b3eb3214e13f4c4eefeffb70b9", size = 4283755, upload-time = "2026-08-05T19:11:07.311Z" },
    { url = "https://files.pythonhosted.org/packages/4b/3b/2af12d8d0b3013a32d64f7902010dfea416865af6f02ca61e9bae24a25c6/granian-2.8.1-cp314-cp314t-manylinux_2_17_armv7l.manylinux2014_armv7l.whl", hash = "sha256:9a28b881994f45b4cd75d3a2bf188a7b1c8a5940e1461d82da2d831835267bdf", size = 4809317, upload-time = "2026-08-05T19:11:08.935Z" },
    { url = "https://files.pythonhosted.org/packages/90/aa/fb1d51bc2a7f717c4643970ff16e232d93cb89f71880b2d57923c860d991/granian-2.8.1-cp314-cp314t-manylinux_2_17_x86_64.manylinux2014_x86_64.whl", hash = "sha256:af4da85029925d44bd30a7b4015c8c44139c0119ae428098719948455cfd6ccb", size = 4744474, upload-time = "2026-08-05T19:11:10.619Z" },
    { url = "https://files.pythonhosted.org/packages/d0/f2/2f0680b3aa52be30eb55cbb57be6baa7d3f9fa8f8ca6dc7eb93bfcdcb7fe/granian-2.8.1-cp314-cp314t-manylinux_2_28_aarch64.whl", hash = "sha256:c98361198fb8ffed51120dee2fc306bbba157d74c0072619115b23ab28cb4518", size = 4887627, upload-time = "2026-08-05T19:11:12.288Z" },
    { url = "https://files.pythonhosted.org/packages/a4/6f/63b945143d8718e7e8444e621de1574566ddc3cc53d3d05abf127f1fa3e1/granian-2.8.1-cp314-cp314t-musllinux_1_1_aarch64.whl", hash = "sha256:ef74713cc3b50ffcfc95534a8a0161881e9a8936073da5a092d9190673811e6c", size = 5080187, upload-time = "2026-08-05T19:11:14.431Z" },
    { url = "https://files.pythonhosted.org/packages/2f/2b/713ced986615bff43c0ef16959741200ffea18d86246b82dc43da3f80823/granian-2.8.1-cp314-cp314t-musllinux_1_1_armv7l.whl", hash = "sha256:f444950c84b92fa270997bcb188035f826ce34711d97940d11c044b3a624c169", size = 4939116, upload-time = "2026-08-05T19:11:16.331Z" },
    { url = "https://files.pythonhosted.org/packages/30/34/414733c5c974fa17fcb6e8774a925413613d7a70eeebd5f6132ca8d4bdab/granian-2.8.1-cp314-cp314t-musllinux_1_1_x86_64.whl", hash = "sha256:82cb3e201c18110981d13cf2f1db3c48d315d5f7930460fd7dc76eda3effa06c", size = 4984040, upload-time = "2026-08-05T19:11:18.227Z" },
    { url = "https://files.pythonhosted.org/packages/fb/71/b4649b173578fac6030957d387f5fda4d8f74dd5bb859c48ee462438426d/granian-2.8.1-cp314-cp314t-win_amd64.whl", hash = "sha256:92962ee552fd69ca288bd560da62632f7f3eb4481a72831ac6de942d5ade7b2c", size = 3086397, upload-time = "2026-08-05T19:11:20.019Z" },
    { url = "https://files.pythonhosted.org/packages/7f/43/d41504a8796b28bac830dbc40626e480d6250424b692ff018c955bdd81ac/granian-2.8.1-cp315-cp315-macosx_10_12_x86_64.whl", hash = "sha256:c5189bce61b601b5d98695b793adf24f596c48d44321d725a33ddfbcf0ec8905", size = 4423581, upload-time = "2026-08-05T19:11:21.784Z" },
    { url = "https://files.pythonhosted.org/packages/4c/10/57b8bfec161d9ca22b71f76e81f85177548f6b368506d90fafe132dfd953/granian-2.8.1-cp315-cp315-macosx_11_0_arm64.whl", hash = "sha256:cddcbd2c3a2dc0bca1f7ea0df1e768bba66657b47a212c36e588b10b56b03da6", size = 4254646, upload-time = "2026-08-05T19:11:24.016Z" },
    { url = "https://files.pythonhosted.org/packages/19/ba/fb87565f728f7f3959d8f0b0aa6b06551a92e819187a843758f9d7ddfcd7/granian-2.8.1-cp315-cp315-manylinux_2_17_armv7l.manylinux2014_armv7l.whl", hash = "sha256:7cd970974fefda13eeb8efe6073e80e985673fe014d9fc57375e54685c91043b", size = 4804518, upload-time = "2026-08-05T19:11:26.2Z" },
    { url = "https://files.pythonhosted.org/packages/36/d8/9f1d09daad55fb88fecb01711740e5d1cbc272c8d88436bef9d3d935125e/granian-2.8.1-cp315-cp315-manylinux_2_17_i686.manylinux2014_i686.whl", hash = "sha256:d17d9ee0b5a167ef6b92888da2987a422e88e18679c66e963f09113fcffa48f7", size = 4441117, upload-time = "2026-08-05T19:11:28.107Z" },
    { url = "https://files.pythonhosted.org/packages/1b/67/4992015a32458000ab6a9833f9e1eec964428c78b60f8bdaf2ce16c49e74/granian-2.8.1-cp315-cp315-manylinux_2_17_x86_64.manylinux2014_x86_64.whl", hash = "sha256:a18bb543dc4bbdf605ce3f4044b46f642e7094e68f10e15ccc671db5eda4c1c8", size = 4897132, upload-time = "2026-08-05T19:11:30.32Z" },
    { url = "https://files.pythonhosted.org/packages/af/cc/18e63284494862b6de9bd19e4ee5b4fb692cffd9b51da221083cf7a8c4e7/granian-2.8.1-cp315-cp315-manylinux_2_28_aarch64.whl", hash = "sha256:bd4bac411e108d63965d296d0f2a90282e7535f3e71965b337b670fc7121badc", size = 5095908, upload-time = "2026-08-05T19:11:32.106Z" },
    { url = "https://files.pythonhosted.org/packages/c7/bb/e51dfee0755f42e52accbe35e4ec30086a08f5794344cb7668718c9ab637/granian-2.8.1-cp315-cp315-musllinux_1_1_aarch64.whl", hash = "sha256:5bab997125ee1b6261543ab0a9c26c58799124911654ad48fee55552241b6406", size = 5072083, upload-time = "2026-08-05T19:11:34.018Z" },
    { url = "https://files.pythonhosted.org/packages/0d/8d/aa6e2ca4caf4bee6dce64240945cc96c282707e7284df1dcef0ead4563c0/granian-2.8.1-cp315-cp315-musllinux_1_1_armv7l.whl", hash = "sha256:2ea4b7d14ba7aadbf8362aa22fd89f1c510f810e4f46e2f5be52523472e5a20f", size = 4918230, upload-time = "2026-08-05T19:11:36.074Z" },
    { url = "https://files.pythonhosted.org/packages/96/58/281b96e0f734d7b159edfb903b311437d603680eec59bd3093a357ee217b/granian-2.8.1-cp315-cp315-musllinux_1_1_x86_64.whl", hash = "sha256:3679e540f16c49d57a14c08ce485482e2da66e4655f99d5a64d28e32057fabdb", size = 4952321, upload-time = "2026-08-05T19:11:37.946Z" },
    { url = "https://files.pythonhosted.org/packages/e3/9c/7b5cf729a9b57436fa59c2d68b03306feca92701cd02c2f39be128e8293c/granian-2.8.1-cp315-cp315-win_amd64.whl", hash = "sha256:a087f6bfb1c745082d3864b60e8add5810e16ee29c59006378f2fe9a4fa09f88", size = 3099822, upload-time = "2026-08-05T19:11:40.221Z" },
    { url = "https://files.pythonhosted.org/packages/db/ce/6eea88dfaa12f938d94fe6c95f5dd79e071f8c0cc298843be824cea3bc9d/granian-2.8.1-cp315-cp315t-macosx_10_12_x86_64.whl", hash = "sha256:0f49447482471edbd9578e8ce8433c761fac3aaf685263ab1ed5456714509956", size = 4386374, upload-time = "2026-08-05T19:11:41.982Z" },
    { url = "https://files.pythonhosted.org/packages/17/d1/2de43e557d0c28a8f6f96165c00a9723ea5c990e0a8bb8854acf8d620a3e/granian-2.8.1-cp315-cp315t-macosx_11_0_arm64.whl", hash = "sha256:bb0f33272483e512c9545edefc5feaa70588cc84853a4512ec6817c53abeda54", size = 4170151, upload-time = "2026-08-05T19:11:44.023Z" },
    { url = "https://files.pythonhosted.org/packages/5f/46/7561a85657df37fbc0fb3bc42fd529374d8457f3e5a64092a9daa135302e/granian-2.8.1-cp315-cp315t-manylinux_2_12_i686.manylinux2010_i686.whl", hash = "sha256:f64fca05bbf79f079b8ae91111127011dab0c3240fe4806058500d161aa15b95", size = 4283850, upload-time = "2026-08-05T19:11:45.849Z" },
    { url = "https://files.pythonhosted.org/packages/06/23/61c3da2c5365ff9b5536b0ee0a6436cdc99a0bb70ef982a20f4f32a276a2/granian-2.8.1-cp315-cp315t-manylinux_2_17_armv7l.manylinux2014_armv7l.whl", hash = "sha256:5cf9c1fbb5a9ed1c8365e56605bf90ccc3fdf8bf40b7cb486743038c1dab2ed2", size = 4809560, upload-time = "2026-08-05T19:11:47.879Z" },
    { url = "https://files.pythonhosted.org/packages/4d/3c/b63bfa7b10a321d7b501c5080f1712cda4d17be6ce5d7fd6100e2345deae/granian-2.8.1-cp315-cp315t-manylinux_2_17_x86_64.manylinux2014_x86_64.whl", hash = "sha256:85036b45494ac0d980c6d645a84895cbde21d1ed239155a496927c6f1af540ac", size = 4743771, upload-time = "2026-08-05T19:11:49.664Z" },
    { url = "https://files.pythonhosted.org/packages/00/3a/6aee2be22014062685cc03be75d0fa840be3b82b2af007eca9f67e97cae7/granian-2.8.1-cp315-cp315t-manylinux_2_28_aarch64.whl", hash = "sha256:e401edbcef575b6f8121349d78df061f555d08058a9233920fcfdef15fd91ded", size = 4887901, upload-time = "2026-08-05T19:11:51.475Z" },
    { url = "https://files.pythonhosted.org/packages/db/26/0331d3351608c8e42959dff43986692627a35439cc6948cda606cf2de7ca/granian-2.8.1-cp315-cp315t-musllinux_1_1_aarch64.whl", hash = "sha256:277f00fe9aa6d415936d6748fab3f2a3361a63691654e2c80bf8e5dc0fcde080", size = 5080037, upload-time = "2026-08-05T19:11:53.329Z" },
    { url = "https://files.pythonhosted.org/packages/64/ba/827b48d1c27ec6ab0d97f3fd66a097b390e7359589d086dcf997ec9ee351/granian-2.8.1-cp315-cp315t-musllinux_1_1_armv7l.whl", hash = "sha256:f624074c54e4c5944b30c875294633527dbe145d7f1751ff2d0c7d61246d1717", size = 4938542, upload-time = "2026-08-05T19:11:55.16Z" },
    { url = "https://files.pythonhosted.org/packages/4d/2e/9d2d8dc6b9bc12099595a55f5320f63baf74852932cb47495283cb3b10ed/granian-2.8.1-cp315-cp315t-musllinux_1_1_x86_64.whl", hash = "sha256:5836a2b2de833e252be2b07e6e21f2440c6c1e10a5ed528b860261d3f48d6551", size = 4985664, upload-time = "2026-08-05T19:11:57.022Z" },
    { url = "https://files.pythonhosted.org/packages/22/e1/a74b3a62c92e314a7153ad017531b838ecc5a869d9265b80179a172abdd1/granian-2.8.1-cp315-cp315t-win_amd64.whl", hash = "sha256:f166496c30c49361381d19f8a632fa13ecccad3854ae39b0001d499d3efe3bd7", size = 3086568, upload-time = "2026-08-05T19:11:58.781Z" },
]

[package.optional-dependencies]
uvloop = [
    { name = "uvloop", marker = "platform_python_implementation == 'CPython' and sys_platform != 'win32'" },
]

[[package]]
name = "idna"
version = "3.19"
source = { registry = "https://pypi.org/simple" }
sdist = { url = "https://files.pythonhosted.org/packages/5f/f7/abb373e5757eaec4b922b92f97ec8d6d7e057cf06778247604fbc4e7c3f3/idna-3.19.tar.gz", hash = "sha256:5e0811a4383b21dc5838069f801c4fb62113b7447663d2530d2bd6e77b49bf15", size = 215237, upload-time = "2026-08-18T05:14:24.27Z" }
wheels = [
    { url = "https://files.pythonhosted.org/packages/57/b0/0e52c878c53f245edd3a11020f20979b3f490f245af532c7cae3027754b5/idna-3.19-py3-none-any.whl", hash = "sha256:815e7be7a7806d54abb586dc943addc79e8b2ee16915059658cbeff4b1b43bf4", size = 68550, upload-time = "2026-08-18T05:14:22.343Z" },
]

[[package]]
name = "pydantic"
version = "2.13.4"
source = { registry = "https://pypi.org/simple" }
dependencies = [
    { name = "annotated-types" },
    { name = "pydantic-core" },
    { name = "typing-extensions" },
    { name = "typing-inspection" },
]
sdist = { url = "https://files.pythonhosted.org/packages/18/a5/b60d21ac674192f8ab0ba4e9fd860690f9b4a6e51ca5df118733b487d8d6/pydantic-2.13.4.tar.gz", hash = "sha256:c40756b57adaa8b1efeeced5c196f3f3b7c435f90e84ea7f443901bec8099ef6", size = 844775, upload-time = "2026-05-06T13:43:05.343Z" }
wheels = [
    { url = "https://files.pythonhosted.org/packages/fd/7b/122376b1fd3c62c1ed9dc80c931ace4844b3c55407b6fb2d199377c9736f/pydantic-2.13.4-py3-none-any.whl", hash = "sha256:45a282cde31d808236fd7ea9d919b128653c8b38b393d1c4ab335c62924d9aba", size = 472262, upload-time = "2026-05-06T13:43:02.641Z" },
]

[[package]]
name = "pydantic-core"
version = "2.46.4"
source = { registry = "https://pypi.org/simple" }
dependencies = [
    { name = "typing-extensions" },
]
sdist = { url = "https://files.pythonhosted.org/packages/9d/56/921726b776ace8d8f5db44c4ef961006580d91dc52b803c489fafd1aa249/pydantic_core-2.46.4.tar.gz", hash = "sha256:62f875393d7f270851f20523dd2e29f082bcc82292d66db2b64ea71f64b6e1c1", size = 471464, upload-time = "2026-05-06T13:37:06.98Z" }
wheels = [
    { url = "https://files.pythonhosted.org/packages/51/a2/5d30b469c5267a17b39dec53208222f76a8d351dfac4af661888c5aee77d/pydantic_core-2.46.4-cp313-cp313-macosx_10_12_x86_64.whl", hash = "sha256:5d5902252db0d3cedf8d4a1bc68f70eeb430f7e4c7104c8c476753519b423008", size = 2106306, upload-time = "2026-05-06T13:37:48.029Z" },
    { url = "https://files.pythonhosted.org/packages/c1/81/4fa520eaffa8bd7d1525e644cd6d39e7d60b1592bc5b516693c7340b50f1/pydantic_core-2.46.4-cp313-cp313-macosx_11_0_arm64.whl", hash = "sha256:c94f0688e7b8d0a67abf40e57a7eaaecd17cc9586706a31b76c031f63df052b4", size = 1951906, upload-time = "2026-05-06T13:37:17.012Z" },
    { url = "https://files.pythonhosted.org/packages/03/d5/fd02da45b659668b05923b17ba3a0100a0a3d5541e3bd8fcc4ecb711309e/pydantic_core-2.46.4-cp313-cp313-manylinux_2_17_aarch64.manylinux2014_aarch64.whl", hash = "sha256:f027324c56cd5406ca49c124b0db10e56c69064fec039acc571c29020cc87c76", size = 1976802, upload-time = "2026-05-06T13:37:35.113Z" },
    { url = "https://files.pythonhosted.org/packages/21/f2/95727e1368be3d3ed485eaab7adbd7dda408f33f7a36e8b48e0144002b91/pydantic_core-2.46.4-cp313-cp313-manylinux_2_17_armv7l.manylinux2014_armv7l.whl", hash = "sha256:e739fee756ba1010f8bcccb534252e85a35fe45ae92c295a06059ce58b74ccd3", size = 2052446, upload-time = "2026-05-06T13:37:12.313Z" },
    { url = "https://files.pythonhosted.org/packages/9c/86/5d99feea3f77c7234b8718075b23db11532773c1a0dbd9b9490215dc2eeb/pydantic_core-2.46.4-cp313-cp313-manylinux_2_17_ppc64le.manylinux2014_ppc64le.whl", hash = "sha256:9d56801be94b86a9da183e5f3766e6310752b99ff647e38b09a9500d88e46e76", size = 2232757, upload-time = "2026-05-06T13:39:01.149Z" },
    { url = "https://files.pythonhosted.org/packages/d2/3a/508ac615935ef7588cf6d9e9b91309fdc2da751af865e02a9098de88258c/pydantic_core-2.46.4-cp313-cp313-manylinux_2_17_s390x.manylinux2014_s390x.whl", hash = "sha256:2412e734dcb48da14d4e4006b82b46b74f2518b8a26ee7e58c6844a6cd6d03c4", size = 2309275, upload-time = "2026-05-06T13:37:41.406Z" },
    { url = "https://files.pythonhosted.org/packages/07/f8/41db9de19d7987d6b04715a02b3b40aea467000275d9d758ffaa31af7d50/pydantic_core-2.46.4-cp313-cp313-manylinux_2_17_x86_64.manylinux2014_x86_64.whl", hash = "sha256:9551187363ffc0de2a00b2e47c25aeaeb1020b69b668762966df15fc5659dd5a", size = 2094467, upload-time = "2026-05-06T13:39:18.847Z" },
    { url = "https://files.pythonhosted.org/packages/2c/e2/f35033184cb11d0052daf4416e8e10a502ea2ac006fc4f459aee872727d1/pydantic_core-2.46.4-cp313-cp313-manylinux_2_31_riscv64.whl", hash = "sha256:0186750b482eefa11d7f435892b09c5c606193ef3375bcf94aa00ae6bfb66262", size = 2134417, upload-time = "2026-05-06T13:40:17.944Z" },
    { url = "https://files.pythonhosted.org/packages/7e/7b/6ceeb1cc90e193862f444ebe373d8fdf613f0a82572dde03fb10734c6c71/pydantic_core-2.46.4-cp313-cp313-manylinux_2_5_i686.manylinux1_i686.whl", hash = "sha256:5855698a4856556d86e8e6cd8434bc3ac0314ee8e12089ae0e143f64c6256e4e", size = 2179782, upload-time = "2026-05-06T13:40:32.618Z" },
    { url = "https://files.pythonhosted.org/packages/5a/f2/c8d7773ede6af08036423a00ae0ceffce266c3c52a096c435d68c896083f/pydantic_core-2.46.4-cp313-cp313-musllinux_1_1_aarch64.whl", hash = "sha256:cbaf13819775b7f769bf4a1f066cb6df7a28d4480081a589828ef190226881cd", size = 2188782, upload-time = "2026-05-06T13:36:51.018Z" },
    { url = "https://files.pythonhosted.org/packages/59/31/0c864784e31f09f05cdd87606f08923b9c9e7f6e51dd27f20f62f975ce9f/pydantic_core-2.46.4-cp313-cp313-musllinux_1_1_armv7l.whl", hash = "sha256:633147d34cf4550417f12e2b1a0383973bdf5cdfde212cb09e9a581cf10820be", size = 2328334, upload-time = "2026-05-06T13:40:37.764Z" },
    { url = "https://files.pythonhosted.org/packages/c2/eb/4f6c8a41efa30baa755590f4141abf3a8c370fab610915733e74134a7270/pydantic_core-2.46.4-cp313-cp313-musllinux_1_1_x86_64.whl", hash = "sha256:82cf5301172168103724d49a1444d3378cb20cdee30b116a1bd6031236298a5d", size = 2372986, upload-time = "2026-05-06T13:39:34.152Z" },
    { url = "https://files.pythonhosted.org/packages/5b/24/b375a480d53113860c299764bfe9f349a3dc9108b3adc0d7f0d786492ebf/pydantic_core-2.46.4-cp313-cp313-win32.whl", hash = "sha256:9fa8ae11da9e2b3126c6426f147e0fba88d96d65921799bb30c6abd1cb2c97fb", size = 1973693, upload-time = "2026-05-06T13:37:55.072Z" },
    { url = "https://files.pythonhosted.org/packages/7e/e8/cff247591966f2d22ec8c003cd7587e27b7ba7b81ab2fb888e3ab75dc285/pydantic_core-2.46.4-cp313-cp313-win_amd64.whl", hash = "sha256:6b3ace8194b0e5204818c92802dcdca7fc6d88aabbb799d7c795540d9cd6d292", size = 2071819, upload-time = "2026-05-06T13:38:49.139Z" },
    { url = "https://files.pythonhosted.org/packages/c6/1a/f4aee670d5670e9e148e0c82c7db98d780be566c6e6a97ee8035528ca0b3/pydantic_core-2.46.4-cp313-cp313-win_arm64.whl", hash = "sha256:184c081504d17f1c1066e430e117142b2c77d9448a97f7b65c6ac9fd9aee238d", size = 2027411, upload-time = "2026-05-06T13:40:45.796Z" },
    { url = "https://files.pythonhosted.org/packages/8d/74/228a26ddad29c6672b805d9fd78e8d251cd04004fa7eed0e622096cd0250/pydantic_core-2.46.4-cp314-cp314-macosx_10_12_x86_64.whl", hash = "sha256:428e04521a40150c85216fc8b85e8d39fece235a9cf5e383761238c7fa9b96fb", size = 2102079, upload-time = "2026-05-06T13:38:41.019Z" },
    { url = "https://files.pythonhosted.org/packages/ad/1f/8970b150a4b4365623ae00fc88603491f763c627311ae8031e3111356d6e/pydantic_core-2.46.4-cp314-cp314-macosx_11_0_arm64.whl", hash = "sha256:23ace664830ee0bfe014a0c7bc248b1f7f25ed7ad103852c317624a1083af462", size = 1952179, upload-time = "2026-05-06T13:36:59.812Z" },
    { url = "https://files.pythonhosted.org/packages/95/30/5211a831ae054928054b2f79731661087a2bc5c01e825c672b3a4a8f1b3e/pydantic_core-2.46.4-cp314-cp314-manylinux_2_17_aarch64.manylinux2014_aarch64.whl", hash = "sha256:ce5c1d2a8b27468f433ca974829c44060b8097eedc39933e3c206a90ee49c4a9", size = 1978926, upload-time = "2026-05-06T13:37:39.933Z" },
    { url = "https://files.pythonhosted.org/packages/57/e9/689668733b1eb67adeef047db3c2e8788fcf65a7fd9c9e2b46b7744fe245/pydantic_core-2.46.4-cp314-cp314-manylinux_2_17_armv7l.manylinux2014_armv7l.whl", hash = "sha256:7283d57845ecf5a163403eb0702dfc220cc4fbdd18919cb5ccea4f95ee1cdab4", size = 2046785, upload-time = "2026-05-06T13:38:01.995Z" },
    { url = "https://files.pythonhosted.org/packages/60/d9/6715260422ff50a2109878fd24d948a6c3446bb2664f34ee78cd972b3acd/pydantic_core-2.46.4-cp314-cp314-manylinux_2_17_ppc64le.manylinux2014_ppc64le.whl", hash = "sha256:8daafc69c93ee8a0204506a3b6b30f586ef54028f52aeeeb5c4cfc5184fd5914", size = 2228733, upload-time = "2026-05-06T13:40:50.371Z" },
    { url = "https://files.pythonhosted.org/packages/18/ae/fdb2f64316afca925640f8e70bb1a564b0ec2721c1389e25b8eb4bf9a299/pydantic_core-2.46.4-cp314-cp314-manylinux_2_17_s390x.manylinux2014_s390x.whl", hash = "sha256:cd2213145bcc2ba85884d0ac63d222fece9209678f77b9b4d76f054c561adb28", size = 2307534, upload-time = "2026-05-06T13:37:21.531Z" },
    { url = "https://files.pythonhosted.org/packages/89/1d/8eff589b45bb8190a9d12c49cfad0f176a5cbd1534908a6b5125e2886239/pydantic_core-2.46.4-cp314-cp314-manylinux_2_17_x86_64.manylinux2014_x86_64.whl", hash = "sha256:7a5f930472650a82629163023e630d160863fce524c616f4e5186e5de9d9a49b", size = 2099732, upload-time = "2026-05-06T13:39:31.942Z" },
    { url = "https://files.pythonhosted.org/packages/06/d5/ee5a3366637fee41dee51a1fc91562dcf12ddbc68fda34e6b253da2324bb/pydantic_core-2.46.4-cp314-cp314-manylinux_2_31_riscv64.whl", hash = "sha256:c1b3f518abeca3aa13c712fd202306e145abf59a18b094a6bafb2d2bbf59192c", size = 2129627, upload-time = "2026-05-06T13:37:25.033Z" },
    { url = "https://files.pythonhosted.org/packages/94/33/2414be571d2c6a6c4d08be21f9292b6d3fdb08949a97b6dfe985017821db/pydantic_core-2.46.4-cp314-cp314-manylinux_2_5_i686.manylinux1_i686.whl", hash = "sha256:1a7dd0b3ee80d90150e3495a3a13ac34dbcbfd4f012996a6a1d8900e91b5c0fb", size = 2179141, upload-time = "2026-05-06T13:37:14.046Z" },
    { url = "https://files.pythonhosted.org/packages/7b/79/7daa95be995be0eecc4cf75064cb33f9bbbfe3fe0158caf2f0d4a996a5c7/pydantic_core-2.46.4-cp314-cp314-musllinux_1_1_aarch64.whl", hash = "sha256:3fb702cd90b0446a3a1c5e470bfa0dd23c0233b676a9099ddcc964fa6ca13898", size = 2184325, upload-time = "2026-05-06T13:36:53.615Z" },
    { url = "https://files.pythonhosted.org/packages/9f/cb/d0a382f5c0de8a222dc61c65348e0ce831b1f68e0a018450d31c2cace3a5/pydantic_core-2.46.4-cp314-cp314-musllinux_1_1_armv7l.whl", hash = "sha256:b8458003118a712e66286df6a707db01c52c0f52f7db8e4a38f0da1d3b94fc4e", size = 2323990, upload-time = "2026-05-06T13:40:29.971Z" },
    { url = "https://files.pythonhosted.org/packages/05/db/d9ba624cc4a5aced1598e88c04fdbd8310c8a69b9d38b9a3d39ce3a61ed7/pydantic_core-2.46.4-cp314-cp314-musllinux_1_1_x86_64.whl", hash = "sha256:372429a130e469c9cd698925ce5fc50940b7a1336b0d82038e63d5bbc4edc519", size = 2369978, upload-time = "2026-05-06T13:37:23.027Z" },
    { url = "https://files.pythonhosted.org/packages/f2/20/d15df15ba918c423461905802bfd2981c3af0bfa0e40d05e13edbfa48bc3/pydantic_core-2.46.4-cp314-cp314-win32.whl", hash = "sha256:85bb3611ff1802f3ee7fdd7dbff26b56f343fb432d57a4728fdd49b6ef35e2f4", size = 1966354, upload-time = "2026-05-06T13:38:03.499Z" },
    { url = "https://files.pythonhosted.org/packages/fc/b6/6b8de4c0a7d7ab3004c439c80c5c1e0a3e8d78bbae19379b01960383d9e5/pydantic_core-2.46.4-cp314-cp314-win_amd64.whl", hash = "sha256:811ff8e9c313ab425368bcbb36e5c4ebd7108c2bbf4e4089cfbb0b01eff63fac", size = 2072238, upload-time = "2026-05-06T13:39:40.807Z" },
    { url = "https://files.pythonhosted.org/packages/32/36/51eb763beec1f4cf59b1db243a7dcc39cbb41230f050a09b9d69faaf0a48/pydantic_core-2.46.4-cp314-cp314-win_arm64.whl", hash = "sha256:bfec22eab3c8cc2ceec0248aec886624116dc079afa027ecc8ad4a7e62010f8a", size = 2018251, upload-time = "2026-05-06T13:37:26.72Z" },
    { url = "https://files.pythonhosted.org/packages/e8/91/855af51d625b23aa987116a19e231d2aaef9c4a415273ddc189b79a45fee/pydantic_core-2.46.4-cp314-cp314t-macosx_10_12_x86_64.whl", hash = "sha256:af8244b2bef6aaad6d92cda81372de7f8c8d36c9f0c3ea36e827c60e7d9467a0", size = 2099593, upload-time = "2026-05-06T13:39:47.682Z" },
    { url = "https://files.pythonhosted.org/packages/fb/1b/8784a54c65edb5f49f0a14d6977cf1b209bba85a4c77445b255c2de58ab3/pydantic_core-2.46.4-cp314-cp314t-macosx_11_0_arm64.whl", hash = "sha256:5a4330cdbc57162e4b3aa303f588ba752257694c9c9be3e7ebb11b4aca659b5d", size = 1935226, upload-time = "2026-05-06T13:40:40.428Z" },
    { url = "https://files.pythonhosted.org/packages/e8/e7/1955d28d1afc56dd4b3ad7cc0cf39df1b9852964cf16e5d13912756d6d6b/pydantic_core-2.46.4-cp314-cp314t-manylinux_2_17_aarch64.manylinux2014_aarch64.whl", hash = "sha256:29c61fc04a3d840155ff08e475a04809278972fe6aef51e2720554e96367e34b", size = 1974605, upload-time = "2026-05-06T13:37:32.029Z" },
    { url = "https://files.pythonhosted.org/packages/93/e2/3fedbf0ba7a22850e6e9fd78117f1c0f10f950182344d8a6c535d468fdd8/pydantic_core-2.46.4-cp314-cp314t-manylinux_2_17_armv7l.manylinux2014_armv7l.whl", hash = "sha256:c50f2528cf200c5eed56faf3f4e22fcd5f38c157a8b78576e6ba3168ec35f000", size = 2030777, upload-time = "2026-05-06T13:38:55.239Z" },
    { url = "https://files.pythonhosted.org/packages/f8/61/46be275fcaaba0b4f5b9669dd852267ce1ff616592dccf7a7845588df091/pydantic_core-2.46.4-cp314-cp314t-manylinux_2_17_ppc64le.manylinux2014_ppc64le.whl", hash = "sha256:0cbe8b01f948de4286c74cdd6c667aceb38f5c1e26f0693b3983d9d74887c65e", size = 2236641, upload-time = "2026-05-06T13:37:08.096Z" },
    { url = "https://files.pythonhosted.org/packages/60/db/12e93e46a8bac9988be3c016860f83293daea8c716c029c9ace279036f2f/pydantic_core-2.46.4-cp314-cp314t-manylinux_2_17_s390x.manylinux2014_s390x.whl", hash = "sha256:617d7e2ca7dcb8c5cf6bcb8c59b8832c94b36196bbf1cbd1bfb56ed341905edd", size = 2286404, upload-time = "2026-05-06T13:40:20.221Z" },
    { url = "https://files.pythonhosted.org/packages/e2/4a/4d8b19008f38d31c53b8219cfedc2e3d5de5fe99d90076b7e767de29274f/pydantic_core-2.46.4-cp314-cp314t-manylinux_2_17_x86_64.manylinux2014_x86_64.whl", hash = "sha256:7027560ee92211647d0d34e3f7cd6f50da56399d26a9c8ad0da286d3869a53f3", size = 2109219, upload-time = "2026-05-06T13:38:12.153Z" },
    { url = "https://files.pythonhosted.org/packages/88/70/3cbc40978fefb7bb09c6708d40d4ad1a5d70fd7213c3d17f971de868ec1f/pydantic_core-2.46.4-cp314-cp314t-manylinux_2_31_riscv64.whl", hash = "sha256:f99626688942fb746e545232e7726926f3be91b5975f8b55327665fafda991c7", size = 2110594, upload-time = "2026-05-06T13:40:02.971Z" },
    { url = "https://files.pythonhosted.org/packages/9d/20/b8d36736216e29491125531685b2f9e61aa5b4b2599893f8268551da3338/pydantic_core-2.46.4-cp314-cp314t-manylinux_2_5_i686.manylinux1_i686.whl", hash = "sha256:fc3e9034a63de20e15e8ade85358bc6efc614008cab72898b4b4952bea0509ff", size = 2159542, upload-time = "2026-05-06T13:39:27.506Z" },
    { url = "https://files.pythonhosted.org/packages/1d/a2/367df868eb584dacf6bf82a389272406d7178e301c4ac82545ab98bc2dd9/pydantic_core-2.46.4-cp314-cp314t-musllinux_1_1_aarch64.whl", hash = "sha256:97e7cf2be5c77b7d1a9713a05605d49460d02c6078d38d8bef3cbe323c548424", size = 2168146, upload-time = "2026-05-06T13:38:31.93Z" },
    { url = "https://files.pythonhosted.org/packages/c1/b8/4460f77f7e201893f649a29ab355dddd3beee8a97bcb1a320db414f9a06e/pydantic_core-2.46.4-cp314-cp314t-musllinux_1_1_armv7l.whl", hash = "sha256:3bf92c5d0e00fefaab325a4d27828fe6b6e2a21848686b5b60d2d9eeb09d76c6", size = 2306309, upload-time = "2026-05-06T13:37:44.717Z" },
    { url = "https://files.pythonhosted.org/packages/64/c4/be2639293acd87dc8ddbcec41a73cee9b2ebf996fe6d892a1a74e88ad3f7/pydantic_core-2.46.4-cp314-cp314t-musllinux_1_1_x86_64.whl", hash = "sha256:3ecbc122d18468d06ca279dc26a8c2e2d5acb10943bb35e36ae92096dc3b5565", size = 2369736, upload-time = "2026-05-06T13:37:05.645Z" },
    { url = "https://files.pythonhosted.org/packages/30/a6/9f9f380dbb301f67023bf8f707aaa75daadf84f7152d95c410fd7e81d994/pydantic_core-2.46.4-cp314-cp314t-win32.whl", hash = "sha256:e846ae7835bf0703ae43f534ab79a867146dadd59dc9ca5c8b53d5c8f7c9ef02", size = 1955575, upload-time = "2026-05-06T13:38:51.116Z" },
    { url = "https://files.pythonhosted.org/packages/40/1f/f1eb9eb350e795d1af8586289746f5c5677d16043040d63710e22abc43c9/pydantic_core-2.46.4-cp314-cp314t-win_amd64.whl", hash = "sha256:2108ba5c1c1eca18030634489dc544844144ee36357f2f9f780b93e7ddbb44b5", size = 2051624, upload-time = "2026-05-06T13:38:21.672Z" },
    { url = "https://files.pythonhosted.org/packages/f6/d2/42dd53d0a85c27606f316d3aa5d2869c4e8470a5ed6dec30e4a1abe19192/pydantic_core-2.46.4-cp314-cp314t-win_arm64.whl", hash = "sha256:4fcbe087dbc2068af7eda3aa87634eba216dbda64d1ae73c8684b621d33f6596", size = 2017325, upload-time = "2026-05-06T13:40:52.723Z" },
]

[[package]]
name = "starlette"
version = "1.6.0"
source = { registry = "https://pypi.org/simple" }
dependencies = [
    { name = "anyio" },
]
sdist = { url = "https://files.pythonhosted.org/packages/b5/b4/205b0d5241d934e8add0c38aa924c4f9fb7330834ff11e5444db964ec3f9/starlette-1.6.0.tar.gz", hash = "sha256:d4e3ac5e546444960c710297a3c9fc3f7ebae1b7e963f3d36173b49da535be9b", size = 2716969, upload-time = "2026-08-08T18:27:57.512Z" }
wheels = [
    { url = "https://files.pythonhosted.org/packages/c8/cb/6a6a47d5b464bd08695d254f3da6e7986cc70c9fa5d778eda57538edfe56/starlette-1.6.0-py3-none-any.whl", hash = "sha256:a86dd39d14bb45f85a3d18525215a9ef0cfd1f192ac793220e72598c90335f0c", size = 75969, upload-time = "2026-08-08T18:27:56.196Z" },
]

[[package]]
name = "typing-extensions"
version = "4.16.0"
source = { registry = "https://pypi.org/simple" }
sdist = { url = "https://files.pythonhosted.org/packages/f6/cc/6253133b5bb138fc3306cebfbda2c520f545d36b5be2c7255cc528bb45d6/typing_extensions-4.16.0.tar.gz", hash = "sha256:dc983d19a509c94dba722ee6abd33940f7c05a89e243c47e907eb4db6f1a43e5", size = 113555, upload-time = "2026-07-02T08:40:05.92Z" }
wheels = [
    { url = "https://files.pythonhosted.org/packages/49/d3/b8441a820a491ddfc024b0b0cf0393375b75ea13866d9c66727e54c2fc80/typing_extensions-4.16.0-py3-none-any.whl", hash = "sha256:481caa481374e813c1b176ada14e97f1f67a4539ce9cfeb3f350d78d6370c2e8", size = 45571, upload-time = "2026-07-02T08:40:04.659Z" },
]

[[package]]
name = "typing-inspection"
version = "0.4.4"
source = { registry = "https://pypi.org/simple" }
dependencies = [
    { name = "typing-extensions" },
]
sdist = { url = "https://files.pythonhosted.org/packages/a3/26/b09b8010994eccc3c09092e6b34058f36a460eea2d4c3e8b910c695975a0/typing_inspection-0.4.4.tar.gz", hash = "sha256:547274fa6b0a561ccf549cc9524b999a578e737d015d8709d021f9d0d13bea47", size = 76928, upload-time = "2026-08-12T12:37:25.997Z" }
wheels = [
    { url = "https://files.pythonhosted.org/packages/67/81/4add07e5172b7ac40d8ed5ff580409a7801a4fe26d529bdd915401dabfbe/typing_inspection-0.4.4-py3-none-any.whl", hash = "sha256:65b8397ba37ccbce054456aaccddfc91e6e3083c92824df348d96ca832f3f147", size = 14750, upload-time = "2026-08-12T12:37:24.648Z" },
]

[[package]]
name = "uvloop"
version = "0.22.1"
source = { registry = "https://pypi.org/simple" }
sdist = { url = "https://files.pythonhosted.org/packages/06/f0/18d39dbd1971d6d62c4629cc7fa67f74821b0dc1f5a77af43719de7936a7/uvloop-0.22.1.tar.gz", hash = "sha256:6c84bae345b9147082b17371e3dd5d42775bddce91f885499017f4607fdaf39f", size = 2443250, upload-time = "2025-10-16T22:17:19.342Z" }
wheels = [
    { url = "https://files.pythonhosted.org/packages/89/8c/182a2a593195bfd39842ea68ebc084e20c850806117213f5a299dfc513d9/uvloop-0.22.1-cp313-cp313-macosx_10_13_universal2.whl", hash = "sha256:561577354eb94200d75aca23fbde86ee11be36b00e52a4eaf8f50fb0c86b7705", size = 1358611, upload-time = "2025-10-16T22:16:36.833Z" },
    { url = "https://files.pythonhosted.org/packages/d2/14/e301ee96a6dc95224b6f1162cd3312f6d1217be3907b79173b06785f2fe7/uvloop-0.22.1-cp313-cp313-macosx_10_13_x86_64.whl", hash = "sha256:1cdf5192ab3e674ca26da2eada35b288d2fa49fdd0f357a19f0e7c4e7d5077c8", size = 751811, upload-time = "2025-10-16T22:16:38.275Z" },
    { url = "https://files.pythonhosted.org/packages/b7/02/654426ce265ac19e2980bfd9ea6590ca96a56f10c76e63801a2df01c0486/uvloop-0.22.1-cp313-cp313-manylinux2014_aarch64.manylinux_2_17_aarch64.manylinux_2_28_aarch64.whl", hash = "sha256:6e2ea3d6190a2968f4a14a23019d3b16870dd2190cd69c8180f7c632d21de68d", size = 4288562, upload-time = "2025-10-16T22:16:39.375Z" },
    { url = "https://files.pythonhosted.org/packages/15/c0/0be24758891ef825f2065cd5db8741aaddabe3e248ee6acc5e8a80f04005/uvloop-0.22.1-cp313-cp313-manylinux2014_x86_64.manylinux_2_17_x86_64.manylinux_2_28_x86_64.whl", hash = "sha256:0530a5fbad9c9e4ee3f2b33b148c6a64d47bbad8000ea63704fa8260f4cf728e", size = 4366890, upload-time = "2025-10-16T22:16:40.547Z" },
    { url = "https://files.pythonhosted.org/packages/d2/53/8369e5219a5855869bcee5f4d317f6da0e2c669aecf0ef7d371e3d084449/uvloop-0.22.1-cp313-cp313-musllinux_1_2_aarch64.whl", hash = "sha256:bc5ef13bbc10b5335792360623cc378d52d7e62c2de64660616478c32cd0598e", size = 4119472, upload-time = "2025-10-16T22:16:41.694Z" },
    { url = "https://files.pythonhosted.org/packages/f8/ba/d69adbe699b768f6b29a5eec7b47dd610bd17a69de51b251126a801369ea/uvloop-0.22.1-cp313-cp313-musllinux_1_2_x86_64.whl", hash = "sha256:1f38ec5e3f18c8a10ded09742f7fb8de0108796eb673f30ce7762ce1b8550cad", size = 4239051, upload-time = "2025-10-16T22:16:43.224Z" },
    { url = "https://files.pythonhosted.org/packages/90/cd/b62bdeaa429758aee8de8b00ac0dd26593a9de93d302bff3d21439e9791d/uvloop-0.22.1-cp314-cp314-macosx_10_13_universal2.whl", hash = "sha256:3879b88423ec7e97cd4eba2a443aa26ed4e59b45e6b76aabf13fe2f27023a142", size = 1362067, upload-time = "2025-10-16T22:16:44.503Z" },
    { url = "https://files.pythonhosted.org/packages/0d/f8/a132124dfda0777e489ca86732e85e69afcd1ff7686647000050ba670689/uvloop-0.22.1-cp314-cp314-macosx_10_13_x86_64.whl", hash = "sha256:4baa86acedf1d62115c1dc6ad1e17134476688f08c6efd8a2ab076e815665c74", size = 752423, upload-time = "2025-10-16T22:16:45.968Z" },
    { url = "https://files.pythonhosted.org/packages/a3/94/94af78c156f88da4b3a733773ad5ba0b164393e357cc4bd0ab2e2677a7d6/uvloop-0.22.1-cp314-cp314-manylinux2014_aarch64.manylinux_2_17_aarch64.manylinux_2_28_aarch64.whl", hash = "sha256:297c27d8003520596236bdb2335e6b3f649480bd09e00d1e3a99144b691d2a35", size = 4272437, upload-time = "2025-10-16T22:16:47.451Z" },
    { url = "https://files.pythonhosted.org/packages/b5/35/60249e9fd07b32c665192cec7af29e06c7cd96fa1d08b84f012a56a0b38e/uvloop-0.22.1-cp314-cp314-manylinux2014_x86_64.manylinux_2_17_x86_64.manylinux_2_28_x86_64.whl", hash = "sha256:c1955d5a1dd43198244d47664a5858082a3239766a839b2102a269aaff7a4e25", size = 4292101, upload-time = "2025-10-16T22:16:49.318Z" },
    { url = "https://files.pythonhosted.org/packages/02/62/67d382dfcb25d0a98ce73c11ed1a6fba5037a1a1d533dcbb7cab033a2636/uvloop-0.22.1-cp314-cp314-musllinux_1_2_aarch64.whl", hash = "sha256:b31dc2fccbd42adc73bc4e7cdbae4fc5086cf378979e53ca5d0301838c5682c6", size = 4114158, upload-time = "2025-10-16T22:16:50.517Z" },
    { url = "https://files.pythonhosted.org/packages/f0/7a/f1171b4a882a5d13c8b7576f348acfe6074d72eaf52cccef752f748d4a9f/uvloop-0.22.1-cp314-cp314-musllinux_1_2_x86_64.whl", hash = "sha256:93f617675b2d03af4e72a5333ef89450dfaa5321303ede6e67ba9c9d26878079", size = 4177360, upload-time = "2025-10-16T22:16:52.646Z" },
    { url = "https://files.pythonhosted.org/packages/79/7b/b01414f31546caf0919da80ad57cbfe24c56b151d12af68cee1b04922ca8/uvloop-0.22.1-cp314-cp314t-macosx_10_13_universal2.whl", hash = "sha256:37554f70528f60cad66945b885eb01f1bb514f132d92b6eeed1c90fd54ed6289", size = 1454790, upload-time = "2025-10-16T22:16:54.355Z" },
    { url = "https://files.pythonhosted.org/packages/d4/31/0bb232318dd838cad3fa8fb0c68c8b40e1145b32025581975e18b11fab40/uvloop-0.22.1-cp314-cp314t-macosx_10_13_x86_64.whl", hash = "sha256:b76324e2dc033a0b2f435f33eb88ff9913c156ef78e153fb210e03c13da746b3", size = 796783, upload-time = "2025-10-16T22:16:55.906Z" },
    { url = "https://files.pythonhosted.org/packages/42/38/c9b09f3271a7a723a5de69f8e237ab8e7803183131bc57c890db0b6bb872/uvloop-0.22.1-cp314-cp314t-manylinux2014_aarch64.manylinux_2_17_aarch64.manylinux_2_28_aarch64.whl", hash = "sha256:badb4d8e58ee08dad957002027830d5c3b06aea446a6a3744483c2b3b745345c", size = 4647548, upload-time = "2025-10-16T22:16:57.008Z" },
    { url = "https://files.pythonhosted.org/packages/c1/37/945b4ca0ac27e3dc4952642d4c900edd030b3da6c9634875af6e13ae80e5/uvloop-0.22.1-cp314-cp314t-manylinux2014_x86_64.manylinux_2_17_x86_64.manylinux_2_28_x86_64.whl", hash = "sha256:b91328c72635f6f9e0282e4a57da7470c7350ab1c9f48546c0f2866205349d21", size = 4467065, upload-time = "2025-10-16T22:16:58.206Z" },
    { url = "https://files.pythonhosted.org/packages/97/cc/48d232f33d60e2e2e0b42f4e73455b146b76ebe216487e862700457fbf3c/uvloop-0.22.1-cp314-cp314t-musllinux_1_2_aarch64.whl", hash = "sha256:daf620c2995d193449393d6c62131b3fbd40a63bf7b307a1527856ace637fe88", size = 4328384, upload-time = "2025-10-16T22:16:59.36Z" },
    { url = "https://files.pythonhosted.org/packages/e4/16/c1fd27e9549f3c4baf1dc9c20c456cd2f822dbf8de9f463824b0c0357e06/uvloop-0.22.1-cp314-cp314t-musllinux_1_2_x86_64.whl", hash = "sha256:6cde23eeda1a25c75b2e07d39970f3374105d5eafbaab2a4482be82f272d5a5e", size = 4296730, upload-time = "2025-10-16T22:17:00.744Z" },
]
